// !$*UTF8*$!
{
	archiveVersion = 1;
	classes = {
	};
	objectVersion = 51;
	objects = {

/* Begin PBXBuildFile section */
		11722484262F298F00510CA9 /* AppDelegate.swift in Sources */ = {isa = PBXBuildFile; fileRef = 11722483262F298F00510CA9 /* AppDelegate.swift */; };
		11722486262F298F00510CA9 /* SceneDelegate.swift in Sources */ = {isa = PBXBuildFile; fileRef = 11722485262F298F00510CA9 /* SceneDelegate.swift */; };
		11722488262F298F00510CA9 /* ViewController.swift in Sources */ = {isa = PBXBuildFile; fileRef = 11722487262F298F00510CA9 /* ViewController.swift */; };
		1172248B262F298F00510CA9 /* Main.storyboard in Resources */ = {isa = PBXBuildFile; fileRef = 11722489262F298F00510CA9 /* Main.storyboard */; };
		1172248E262F298F00510CA9 /* SportsApp.xcdatamodeld in Sources */ = {isa = PBXBuildFile; fileRef = 1172248C262F298F00510CA9 /* SportsApp.xcdatamodeld */; };
		11722490262F299600510CA9 /* Assets.xcassets in Resources */ = {isa = PBXBuildFile; fileRef = 1172248F262F299600510CA9 /* Assets.xcassets */; };
		11722493262F299600510CA9 /* LaunchScreen.storyboard in Resources */ = {isa = PBXBuildFile; fileRef = 11722491262F299600510CA9 /* LaunchScreen.storyboard */; };
		1172249E262F299600510CA9 /* SportsAppTests.swift in Sources */ = {isa = PBXBuildFile; fileRef = 1172249D262F299600510CA9 /* SportsAppTests.swift */; };
		117224A9262F299600510CA9 /* SportsAppUITests.swift in Sources */ = {isa = PBXBuildFile; fileRef = 117224A8262F299600510CA9 /* SportsAppUITests.swift */; };
		11785C692630FC4300DE3B03 /* Leagues.swift in Sources */ = {isa = PBXBuildFile; fileRef = 11785C682630FC4300DE3B03 /* Leagues.swift */; };
		11785C6C26310DB500DE3B03 /* LeaguesViewController.swift in Sources */ = {isa = PBXBuildFile; fileRef = 11785C6B26310DB500DE3B03 /* LeaguesViewController.swift */; };
		11785C6E26310E6100DE3B03 /* LeaguesTableCell.swift in Sources */ = {isa = PBXBuildFile; fileRef = 11785C6D26310E6100DE3B03 /* LeaguesTableCell.swift */; };
		11785C7026311A9C00DE3B03 /* Indicator.swift in Sources */ = {isa = PBXBuildFile; fileRef = 11785C6F26311A9C00DE3B03 /* Indicator.swift */; };
		11785C72263120D700DE3B03 /* LeaguesDetailes.swift in Sources */ = {isa = PBXBuildFile; fileRef = 11785C71263120D700DE3B03 /* LeaguesDetailes.swift */; };
		11F457602632358100694427 /* YoutubeViewController.swift in Sources */ = {isa = PBXBuildFile; fileRef = 11F4575F2632358100694427 /* YoutubeViewController.swift */; };
		11F457622634349600694427 /* LeaguesInfoModel.swift in Sources */ = {isa = PBXBuildFile; fileRef = 11F457612634349500694427 /* LeaguesInfoModel.swift */; };
		11F457642634401000694427 /* TeamDetialesViewController.swift in Sources */ = {isa = PBXBuildFile; fileRef = 11F457632634401000694427 /* TeamDetialesViewController.swift */; };
		11F4576A263449B300694427 /* SocialViewController.swift in Sources */ = {isa = PBXBuildFile; fileRef = 11F45769263449B300694427 /* SocialViewController.swift */; };
		11F4576C263463F000694427 /* Teams.swift in Sources */ = {isa = PBXBuildFile; fileRef = 11F4576B263463F000694427 /* Teams.swift */; };
		11F457722634648F00694427 /* TeamsDetails.swift in Sources */ = {isa = PBXBuildFile; fileRef = 11F457712634648F00694427 /* TeamsDetails.swift */; };
		11F457742634BE5C00694427 /* WebKit.framework in Frameworks */ = {isa = PBXBuildFile; fileRef = 11F457732634BE5C00694427 /* WebKit.framework */; };
		39517665263094950057A16D /* NetworkServiceModel.swift in Sources */ = {isa = PBXBuildFile; fileRef = 39517664263094950057A16D /* NetworkServiceModel.swift */; };
		3951766A263098C90057A16D /* Sports.swift in Sources */ = {isa = PBXBuildFile; fileRef = 39517669263098C90057A16D /* Sports.swift */; };
		3951767126309F0C0057A16D /* URLs.swift in Sources */ = {isa = PBXBuildFile; fileRef = 3951767026309F0C0057A16D /* URLs.swift */; };
		50E78814AF15FD17C46776C7 /* Pods_SportsApp.framework in Frameworks */ = {isa = PBXBuildFile; fileRef = 3025E63DC46614622E3AE8D7 /* Pods_SportsApp.framework */; };
		C5F7ABAE679D55A480048A35 /* Pods_SportsAppTests.framework in Frameworks */ = {isa = PBXBuildFile; fileRef = 8BF20B150B0434A2FFF04E9B /* Pods_SportsAppTests.framework */; };
		E3E83E5895C049CEF3F6AA27 /* Pods_SportsApp_SportsAppUITests.framework in Frameworks */ = {isa = PBXBuildFile; fileRef = 225BC45C4DF01FBA8F60AEE6 /* Pods_SportsApp_SportsAppUITests.framework */; };
/* End PBXBuildFile section */

/* Begin PBXContainerItemProxy section */
		1172249A262F299600510CA9 /* PBXContainerItemProxy */ = {
			isa = PBXContainerItemProxy;
			containerPortal = 11722478262F298F00510CA9 /* Project object */;
			proxyType = 1;
			remoteGlobalIDString = 1172247F262F298F00510CA9;
			remoteInfo = SportsApp;
		};
		117224A5262F299600510CA9 /* PBXContainerItemProxy */ = {
			isa = PBXContainerItemProxy;
			containerPortal = 11722478262F298F00510CA9 /* Project object */;
			proxyType = 1;
			remoteGlobalIDString = 1172247F262F298F00510CA9;
			remoteInfo = SportsApp;
		};
/* End PBXContainerItemProxy section */

/* Begin PBXFileReference section */
		11722480262F298F00510CA9 /* SportsApp.app */ = {isa = PBXFileReference; explicitFileType = wrapper.application; includeInIndex = 0; path = SportsApp.app; sourceTree = BUILT_PRODUCTS_DIR; };
		11722483262F298F00510CA9 /* AppDelegate.swift */ = {isa = PBXFileReference; lastKnownFileType = sourcecode.swift; path = AppDelegate.swift; sourceTree = "<group>"; };
		11722485262F298F00510CA9 /* SceneDelegate.swift */ = {isa = PBXFileReference; lastKnownFileType = sourcecode.swift; path = SceneDelegate.swift; sourceTree = "<group>"; };
		11722487262F298F00510CA9 /* ViewController.swift */ = {isa = PBXFileReference; lastKnownFileType = sourcecode.swift; path = ViewController.swift; sourceTree = "<group>"; };
		1172248A262F298F00510CA9 /* Base */ = {isa = PBXFileReference; lastKnownFileType = file.storyboard; name = Base; path = Base.lproj/Main.storyboard; sourceTree = "<group>"; };
		1172248D262F298F00510CA9 /* SportsApp.xcdatamodel */ = {isa = PBXFileReference; lastKnownFileType = wrapper.xcdatamodel; path = SportsApp.xcdatamodel; sourceTree = "<group>"; };
		1172248F262F299600510CA9 /* Assets.xcassets */ = {isa = PBXFileReference; lastKnownFileType = folder.assetcatalog; path = Assets.xcassets; sourceTree = "<group>"; };
		11722492262F299600510CA9 /* Base */ = {isa = PBXFileReference; lastKnownFileType = file.storyboard; name = Base; path = Base.lproj/LaunchScreen.storyboard; sourceTree = "<group>"; };
		11722494262F299600510CA9 /* Info.plist */ = {isa = PBXFileReference; lastKnownFileType = text.plist.xml; path = Info.plist; sourceTree = "<group>"; };
		11722499262F299600510CA9 /* SportsAppTests.xctest */ = {isa = PBXFileReference; explicitFileType = wrapper.cfbundle; includeInIndex = 0; path = SportsAppTests.xctest; sourceTree = BUILT_PRODUCTS_DIR; };
		1172249D262F299600510CA9 /* SportsAppTests.swift */ = {isa = PBXFileReference; lastKnownFileType = sourcecode.swift; path = SportsAppTests.swift; sourceTree = "<group>"; };
		1172249F262F299600510CA9 /* Info.plist */ = {isa = PBXFileReference; lastKnownFileType = text.plist.xml; path = Info.plist; sourceTree = "<group>"; };
		117224A4262F299600510CA9 /* SportsAppUITests.xctest */ = {isa = PBXFileReference; explicitFileType = wrapper.cfbundle; includeInIndex = 0; path = SportsAppUITests.xctest; sourceTree = BUILT_PRODUCTS_DIR; };
		117224A8262F299600510CA9 /* SportsAppUITests.swift */ = {isa = PBXFileReference; lastKnownFileType = sourcecode.swift; path = SportsAppUITests.swift; sourceTree = "<group>"; };
		117224AA262F299600510CA9 /* Info.plist */ = {isa = PBXFileReference; lastKnownFileType = text.plist.xml; path = Info.plist; sourceTree = "<group>"; };
		11785C682630FC4300DE3B03 /* Leagues.swift */ = {isa = PBXFileReference; lastKnownFileType = sourcecode.swift; path = Leagues.swift; sourceTree = "<group>"; };
		11785C6B26310DB500DE3B03 /* LeaguesViewController.swift */ = {isa = PBXFileReference; lastKnownFileType = sourcecode.swift; path = LeaguesViewController.swift; sourceTree = "<group>"; };
		11785C6D26310E6100DE3B03 /* LeaguesTableCell.swift */ = {isa = PBXFileReference; lastKnownFileType = sourcecode.swift; path = LeaguesTableCell.swift; sourceTree = "<group>"; };
		11785C6F26311A9C00DE3B03 /* Indicator.swift */ = {isa = PBXFileReference; lastKnownFileType = sourcecode.swift; path = Indicator.swift; sourceTree = "<group>"; };
		11785C71263120D700DE3B03 /* LeaguesDetailes.swift */ = {isa = PBXFileReference; lastKnownFileType = sourcecode.swift; path = LeaguesDetailes.swift; sourceTree = "<group>"; };
		11F4575F2632358100694427 /* YoutubeViewController.swift */ = {isa = PBXFileReference; lastKnownFileType = sourcecode.swift; path = YoutubeViewController.swift; sourceTree = "<group>"; };
		11F457612634349500694427 /* LeaguesInfoModel.swift */ = {isa = PBXFileReference; lastKnownFileType = sourcecode.swift; path = LeaguesInfoModel.swift; sourceTree = "<group>"; };
		11F457632634401000694427 /* TeamDetialesViewController.swift */ = {isa = PBXFileReference; lastKnownFileType = sourcecode.swift; path = TeamDetialesViewController.swift; sourceTree = "<group>"; };
		11F45769263449B300694427 /* SocialViewController.swift */ = {isa = PBXFileReference; lastKnownFileType = sourcecode.swift; path = SocialViewController.swift; sourceTree = "<group>"; };
		11F4576B263463F000694427 /* Teams.swift */ = {isa = PBXFileReference; lastKnownFileType = sourcecode.swift; path = Teams.swift; sourceTree = "<group>"; };
		11F457712634648F00694427 /* TeamsDetails.swift */ = {isa = PBXFileReference; lastKnownFileType = sourcecode.swift; path = TeamsDetails.swift; sourceTree = "<group>"; };
		11F457732634BE5C00694427 /* WebKit.framework */ = {isa = PBXFileReference; lastKnownFileType = wrapper.framework; name = WebKit.framework; path = System/Library/Frameworks/WebKit.framework; sourceTree = SDKROOT; };
		225BC45C4DF01FBA8F60AEE6 /* Pods_SportsApp_SportsAppUITests.framework */ = {isa = PBXFileReference; explicitFileType = wrapper.framework; includeInIndex = 0; path = Pods_SportsApp_SportsAppUITests.framework; sourceTree = BUILT_PRODUCTS_DIR; };
		3025E63DC46614622E3AE8D7 /* Pods_SportsApp.framework */ = {isa = PBXFileReference; explicitFileType = wrapper.framework; includeInIndex = 0; path = Pods_SportsApp.framework; sourceTree = BUILT_PRODUCTS_DIR; };
		39517664263094950057A16D /* NetworkServiceModel.swift */ = {isa = PBXFileReference; lastKnownFileType = sourcecode.swift; path = NetworkServiceModel.swift; sourceTree = "<group>"; };
		39517669263098C90057A16D /* Sports.swift */ = {isa = PBXFileReference; lastKnownFileType = sourcecode.swift; path = Sports.swift; sourceTree = "<group>"; };
		3951767026309F0C0057A16D /* URLs.swift */ = {isa = PBXFileReference; lastKnownFileType = sourcecode.swift; path = URLs.swift; sourceTree = "<group>"; };
		60E50CD9E0F77730DEE192CD /* Pods-SportsApp.release.xcconfig */ = {isa = PBXFileReference; includeInIndex = 1; lastKnownFileType = text.xcconfig; name = "Pods-SportsApp.release.xcconfig"; path = "Target Support Files/Pods-SportsApp/Pods-SportsApp.release.xcconfig"; sourceTree = "<group>"; };
		6DF14DE006A0DA86E35260AC /* Pods-SportsApp-SportsAppUITests.release.xcconfig */ = {isa = PBXFileReference; includeInIndex = 1; lastKnownFileType = text.xcconfig; name = "Pods-SportsApp-SportsAppUITests.release.xcconfig"; path = "Target Support Files/Pods-SportsApp-SportsAppUITests/Pods-SportsApp-SportsAppUITests.release.xcconfig"; sourceTree = "<group>"; };
		7D5D92B8EA10084EA71BD26A /* Pods-SportsAppTests.release.xcconfig */ = {isa = PBXFileReference; includeInIndex = 1; lastKnownFileType = text.xcconfig; name = "Pods-SportsAppTests.release.xcconfig"; path = "Target Support Files/Pods-SportsAppTests/Pods-SportsAppTests.release.xcconfig"; sourceTree = "<group>"; };
		8BF20B150B0434A2FFF04E9B /* Pods_SportsAppTests.framework */ = {isa = PBXFileReference; explicitFileType = wrapper.framework; includeInIndex = 0; path = Pods_SportsAppTests.framework; sourceTree = BUILT_PRODUCTS_DIR; };
		B2BFEA59BC2FB3E7992669AB /* Pods-SportsAppTests.debug.xcconfig */ = {isa = PBXFileReference; includeInIndex = 1; lastKnownFileType = text.xcconfig; name = "Pods-SportsAppTests.debug.xcconfig"; path = "Target Support Files/Pods-SportsAppTests/Pods-SportsAppTests.debug.xcconfig"; sourceTree = "<group>"; };
		C5621035D971E9FCD9CF5480 /* Pods-SportsApp.debug.xcconfig */ = {isa = PBXFileReference; includeInIndex = 1; lastKnownFileType = text.xcconfig; name = "Pods-SportsApp.debug.xcconfig"; path = "Target Support Files/Pods-SportsApp/Pods-SportsApp.debug.xcconfig"; sourceTree = "<group>"; };
		CD71ACB39DF4C75F08F80325 /* Pods-SportsApp-SportsAppUITests.debug.xcconfig */ = {isa = PBXFileReference; includeInIndex = 1; lastKnownFileType = text.xcconfig; name = "Pods-SportsApp-SportsAppUITests.debug.xcconfig"; path = "Target Support Files/Pods-SportsApp-SportsAppUITests/Pods-SportsApp-SportsAppUITests.debug.xcconfig"; sourceTree = "<group>"; };
/* End PBXFileReference section */

/* Begin PBXFrameworksBuildPhase section */
		1172247D262F298F00510CA9 /* Frameworks */ = {
			isa = PBXFrameworksBuildPhase;
			buildActionMask = 2147483647;
			files = (
				11F457742634BE5C00694427 /* WebKit.framework in Frameworks */,
				50E78814AF15FD17C46776C7 /* Pods_SportsApp.framework in Frameworks */,
			);
			runOnlyForDeploymentPostprocessing = 0;
		};
		11722496262F299600510CA9 /* Frameworks */ = {
			isa = PBXFrameworksBuildPhase;
			buildActionMask = 2147483647;
			files = (
				C5F7ABAE679D55A480048A35 /* Pods_SportsAppTests.framework in Frameworks */,
			);
			runOnlyForDeploymentPostprocessing = 0;
		};
		117224A1262F299600510CA9 /* Frameworks */ = {
			isa = PBXFrameworksBuildPhase;
			buildActionMask = 2147483647;
			files = (
				E3E83E5895C049CEF3F6AA27 /* Pods_SportsApp_SportsAppUITests.framework in Frameworks */,
			);
			runOnlyForDeploymentPostprocessing = 0;
		};
/* End PBXFrameworksBuildPhase section */

/* Begin PBXGroup section */
		11722477262F298F00510CA9 = {
			isa = PBXGroup;
			children = (
				11722482262F298F00510CA9 /* SportsApp */,
				1172249C262F299600510CA9 /* SportsAppTests */,
				117224A7262F299600510CA9 /* SportsAppUITests */,
				11722481262F298F00510CA9 /* Products */,
				4331775667533A1EC832BF5C /* Pods */,
				43FEAAD33F7D79F473DDB452 /* Frameworks */,
			);
			sourceTree = "<group>";
		};
		11722481262F298F00510CA9 /* Products */ = {
			isa = PBXGroup;
			children = (
				11722480262F298F00510CA9 /* SportsApp.app */,
				11722499262F299600510CA9 /* SportsAppTests.xctest */,
				117224A4262F299600510CA9 /* SportsAppUITests.xctest */,
			);
			name = Products;
			sourceTree = "<group>";
		};
		11722482262F298F00510CA9 /* SportsApp */ = {
			isa = PBXGroup;
			children = (
				3951766F26309EF70057A16D /* Constants */,
				117224B8262F893D00510CA9 /* Data */,
				117224B9262F897D00510CA9 /* Views */,
				117224BA262F899A00510CA9 /* Controllers */,
				117224BC262F89E100510CA9 /* Models */,
				11722483262F298F00510CA9 /* AppDelegate.swift */,
				11722485262F298F00510CA9 /* SceneDelegate.swift */,
				1172248F262F299600510CA9 /* Assets.xcassets */,
				11722491262F299600510CA9 /* LaunchScreen.storyboard */,
				11722494262F299600510CA9 /* Info.plist */,
				1172248C262F298F00510CA9 /* SportsApp.xcdatamodeld */,
				11785C6F26311A9C00DE3B03 /* Indicator.swift */,
			);
			path = SportsApp;
			sourceTree = "<group>";
		};
		1172249C262F299600510CA9 /* SportsAppTests */ = {
			isa = PBXGroup;
			children = (
				1172249D262F299600510CA9 /* SportsAppTests.swift */,
				1172249F262F299600510CA9 /* Info.plist */,
			);
			path = SportsAppTests;
			sourceTree = "<group>";
		};
		117224A7262F299600510CA9 /* SportsAppUITests */ = {
			isa = PBXGroup;
			children = (
				117224A8262F299600510CA9 /* SportsAppUITests.swift */,
				117224AA262F299600510CA9 /* Info.plist */,
			);
			path = SportsAppUITests;
			sourceTree = "<group>";
		};
		117224B8262F893D00510CA9 /* Data */ = {
			isa = PBXGroup;
			children = (
				39517669263098C90057A16D /* Sports.swift */,
				11785C682630FC4300DE3B03 /* Leagues.swift */,
				11785C71263120D700DE3B03 /* LeaguesDetailes.swift */,
				11F457612634349500694427 /* LeaguesInfoModel.swift */,
				11F4576B263463F000694427 /* Teams.swift */,
				11F457712634648F00694427 /* TeamsDetails.swift */,
			);
			path = Data;
			sourceTree = "<group>";
		};
		117224B9262F897D00510CA9 /* Views */ = {
			isa = PBXGroup;
			children = (
				11722489262F298F00510CA9 /* Main.storyboard */,
			);
			path = Views;
			sourceTree = "<group>";
		};
		117224BA262F899A00510CA9 /* Controllers */ = {
			isa = PBXGroup;
			children = (
				11785C6A2631005900DE3B03 /* LeaguesController */,
				11722487262F298F00510CA9 /* ViewController.swift */,
				11F4575F2632358100694427 /* YoutubeViewController.swift */,
				11F457632634401000694427 /* TeamDetialesViewController.swift */,
				11F45769263449B300694427 /* SocialViewController.swift */,
			);
			path = Controllers;
			sourceTree = "<group>";
		};
		117224BC262F89E100510CA9 /* Models */ = {
			isa = PBXGroup;
			children = (
				395176632630945D0057A16D /* NetworkServiceModel */,
			);
			path = Models;
			sourceTree = "<group>";
		};
		11785C6A2631005900DE3B03 /* LeaguesController */ = {
			isa = PBXGroup;
			children = (
				11785C6B26310DB500DE3B03 /* LeaguesViewController.swift */,
				11785C6D26310E6100DE3B03 /* LeaguesTableCell.swift */,
			);
			path = LeaguesController;
			sourceTree = "<group>";
		};
		395176632630945D0057A16D /* NetworkServiceModel */ = {
			isa = PBXGroup;
			children = (
				39517664263094950057A16D /* NetworkServiceModel.swift */,
			);
			path = NetworkServiceModel;
			sourceTree = "<group>";
		};
		3951766F26309EF70057A16D /* Constants */ = {
			isa = PBXGroup;
			children = (
				3951767026309F0C0057A16D /* URLs.swift */,
			);
			path = Constants;
			sourceTree = "<group>";
		};
		4331775667533A1EC832BF5C /* Pods */ = {
			isa = PBXGroup;
			children = (
				C5621035D971E9FCD9CF5480 /* Pods-SportsApp.debug.xcconfig */,
				60E50CD9E0F77730DEE192CD /* Pods-SportsApp.release.xcconfig */,
				CD71ACB39DF4C75F08F80325 /* Pods-SportsApp-SportsAppUITests.debug.xcconfig */,
				6DF14DE006A0DA86E35260AC /* Pods-SportsApp-SportsAppUITests.release.xcconfig */,
				B2BFEA59BC2FB3E7992669AB /* Pods-SportsAppTests.debug.xcconfig */,
				7D5D92B8EA10084EA71BD26A /* Pods-SportsAppTests.release.xcconfig */,
			);
			path = Pods;
			sourceTree = "<group>";
		};
		43FEAAD33F7D79F473DDB452 /* Frameworks */ = {
			isa = PBXGroup;
			children = (
				11F457732634BE5C00694427 /* WebKit.framework */,
				3025E63DC46614622E3AE8D7 /* Pods_SportsApp.framework */,
				225BC45C4DF01FBA8F60AEE6 /* Pods_SportsApp_SportsAppUITests.framework */,
				8BF20B150B0434A2FFF04E9B /* Pods_SportsAppTests.framework */,
			);
			name = Frameworks;
			sourceTree = "<group>";
		};
/* End PBXGroup section */

/* Begin PBXNativeTarget section */
		1172247F262F298F00510CA9 /* SportsApp */ = {
			isa = PBXNativeTarget;
			buildConfigurationList = 117224AD262F299600510CA9 /* Build configuration list for PBXNativeTarget "SportsApp" */;
			buildPhases = (
				0EEA362CBFADFF8770FF24EF /* [CP] Check Pods Manifest.lock */,
				1172247C262F298F00510CA9 /* Sources */,
				1172247D262F298F00510CA9 /* Frameworks */,
				1172247E262F298F00510CA9 /* Resources */,
				5B76E22CF7DBCDE3596B5CF5 /* [CP] Embed Pods Frameworks */,
			);
			buildRules = (
			);
			dependencies = (
			);
			name = SportsApp;
			productName = SportsApp;
			productReference = 11722480262F298F00510CA9 /* SportsApp.app */;
			productType = "com.apple.product-type.application";
		};
		11722498262F299600510CA9 /* SportsAppTests */ = {
			isa = PBXNativeTarget;
			buildConfigurationList = 117224B0262F299600510CA9 /* Build configuration list for PBXNativeTarget "SportsAppTests" */;
			buildPhases = (
				DB2330FE8C83909A5D4AD739 /* [CP] Check Pods Manifest.lock */,
				11722495262F299600510CA9 /* Sources */,
				11722496262F299600510CA9 /* Frameworks */,
				11722497262F299600510CA9 /* Resources */,
			);
			buildRules = (
			);
			dependencies = (
				1172249B262F299600510CA9 /* PBXTargetDependency */,
			);
			name = SportsAppTests;
			productName = SportsAppTests;
			productReference = 11722499262F299600510CA9 /* SportsAppTests.xctest */;
			productType = "com.apple.product-type.bundle.unit-test";
		};
		117224A3262F299600510CA9 /* SportsAppUITests */ = {
			isa = PBXNativeTarget;
			buildConfigurationList = 117224B3262F299600510CA9 /* Build configuration list for PBXNativeTarget "SportsAppUITests" */;
			buildPhases = (
				4B1DCD1704EAA85E7574A7E1 /* [CP] Check Pods Manifest.lock */,
				117224A0262F299600510CA9 /* Sources */,
				117224A1262F299600510CA9 /* Frameworks */,
				117224A2262F299600510CA9 /* Resources */,
				6F7C926E16417D8171372A2C /* [CP] Embed Pods Frameworks */,
			);
			buildRules = (
			);
			dependencies = (
				117224A6262F299600510CA9 /* PBXTargetDependency */,
			);
			name = SportsAppUITests;
			productName = SportsAppUITests;
			productReference = 117224A4262F299600510CA9 /* SportsAppUITests.xctest */;
			productType = "com.apple.product-type.bundle.ui-testing";
		};
/* End PBXNativeTarget section */

/* Begin PBXProject section */
		11722478262F298F00510CA9 /* Project object */ = {
			isa = PBXProject;
			attributes = {
				LastSwiftUpdateCheck = 1140;
				LastUpgradeCheck = 1140;
				ORGANIZATIONNAME = Norhan;
				TargetAttributes = {
					1172247F262F298F00510CA9 = {
						CreatedOnToolsVersion = 11.4;
					};
					11722498262F299600510CA9 = {
						CreatedOnToolsVersion = 11.4;
						TestTargetID = 1172247F262F298F00510CA9;
					};
					117224A3262F299600510CA9 = {
						CreatedOnToolsVersion = 11.4;
						TestTargetID = 1172247F262F298F00510CA9;
					};
				};
			};
			buildConfigurationList = 1172247B262F298F00510CA9 /* Build configuration list for PBXProject "SportsApp" */;
			compatibilityVersion = "Xcode 9.3";
			developmentRegion = en;
			hasScannedForEncodings = 0;
			knownRegions = (
				en,
				Base,
			);
			mainGroup = 11722477262F298F00510CA9;
			productRefGroup = 11722481262F298F00510CA9 /* Products */;
			projectDirPath = "";
			projectRoot = "";
			targets = (
				1172247F262F298F00510CA9 /* SportsApp */,
				11722498262F299600510CA9 /* SportsAppTests */,
				117224A3262F299600510CA9 /* SportsAppUITests */,
			);
		};
/* End PBXProject section */

/* Begin PBXResourcesBuildPhase section */
		1172247E262F298F00510CA9 /* Resources */ = {
			isa = PBXResourcesBuildPhase;
			buildActionMask = 2147483647;
			files = (
				11722493262F299600510CA9 /* LaunchScreen.storyboard in Resources */,
				11722490262F299600510CA9 /* Assets.xcassets in Resources */,
				1172248B262F298F00510CA9 /* Main.storyboard in Resources */,
			);
			runOnlyForDeploymentPostprocessing = 0;
		};
		11722497262F299600510CA9 /* Resources */ = {
			isa = PBXResourcesBuildPhase;
			buildActionMask = 2147483647;
			files = (
			);
			runOnlyForDeploymentPostprocessing = 0;
		};
		117224A2262F299600510CA9 /* Resources */ = {
			isa = PBXResourcesBuildPhase;
			buildActionMask = 2147483647;
			files = (
			);
			runOnlyForDeploymentPostprocessing = 0;
		};
/* End PBXResourcesBuildPhase section */

/* Begin PBXShellScriptBuildPhase section */
		0EEA362CBFADFF8770FF24EF /* [CP] Check Pods Manifest.lock */ = {
			isa = PBXShellScriptBuildPhase;
			buildActionMask = 2147483647;
			files = (
			);
			inputFileListPaths = (
			);
			inputPaths = (
				"${PODS_PODFILE_DIR_PATH}/Podfile.lock",
				"${PODS_ROOT}/Manifest.lock",
			);
			name = "[CP] Check Pods Manifest.lock";
			outputFileListPaths = (
			);
			outputPaths = (
				"$(DERIVED_FILE_DIR)/Pods-SportsApp-checkManifestLockResult.txt",
			);
			runOnlyForDeploymentPostprocessing = 0;
			shellPath = /bin/sh;
			shellScript = "diff \"${PODS_PODFILE_DIR_PATH}/Podfile.lock\" \"${PODS_ROOT}/Manifest.lock\" > /dev/null\nif [ $? != 0 ] ; then\n    # print error to STDERR\n    echo \"error: The sandbox is not in sync with the Podfile.lock. Run 'pod install' or update your CocoaPods installation.\" >&2\n    exit 1\nfi\n# This output is used by Xcode 'outputs' to avoid re-running this script phase.\necho \"SUCCESS\" > \"${SCRIPT_OUTPUT_FILE_0}\"\n";
			showEnvVarsInLog = 0;
		};
		4B1DCD1704EAA85E7574A7E1 /* [CP] Check Pods Manifest.lock */ = {
			isa = PBXShellScriptBuildPhase;
			buildActionMask = 2147483647;
			files = (
			);
			inputFileListPaths = (
			);
			inputPaths = (
				"${PODS_PODFILE_DIR_PATH}/Podfile.lock",
				"${PODS_ROOT}/Manifest.lock",
			);
			name = "[CP] Check Pods Manifest.lock";
			outputFileListPaths = (
			);
			outputPaths = (
				"$(DERIVED_FILE_DIR)/Pods-SportsApp-SportsAppUITests-checkManifestLockResult.txt",
			);
			runOnlyForDeploymentPostprocessing = 0;
			shellPath = /bin/sh;
			shellScript = "diff \"${PODS_PODFILE_DIR_PATH}/Podfile.lock\" \"${PODS_ROOT}/Manifest.lock\" > /dev/null\nif [ $? != 0 ] ; then\n    # print error to STDERR\n    echo \"error: The sandbox is not in sync with the Podfile.lock. Run 'pod install' or update your CocoaPods installation.\" >&2\n    exit 1\nfi\n# This output is used by Xcode 'outputs' to avoid re-running this script phase.\necho \"SUCCESS\" > \"${SCRIPT_OUTPUT_FILE_0}\"\n";
			showEnvVarsInLog = 0;
		};
		5B76E22CF7DBCDE3596B5CF5 /* [CP] Embed Pods Frameworks */ = {
			isa = PBXShellScriptBuildPhase;
			buildActionMask = 2147483647;
			files = (
			);
			inputFileListPaths = (
				"${PODS_ROOT}/Target Support Files/Pods-SportsApp/Pods-SportsApp-frameworks-${CONFIGURATION}-input-files.xcfilelist",
			);
			name = "[CP] Embed Pods Frameworks";
			outputFileListPaths = (
				"${PODS_ROOT}/Target Support Files/Pods-SportsApp/Pods-SportsApp-frameworks-${CONFIGURATION}-output-files.xcfilelist",
			);
			runOnlyForDeploymentPostprocessing = 0;
			shellPath = /bin/sh;
			shellScript = "\"${PODS_ROOT}/Target Support Files/Pods-SportsApp/Pods-SportsApp-frameworks.sh\"\n";
			showEnvVarsInLog = 0;
		};
		6F7C926E16417D8171372A2C /* [CP] Embed Pods Frameworks */ = {
			isa = PBXShellScriptBuildPhase;
			buildActionMask = 2147483647;
			files = (
			);
			inputFileListPaths = (
				"${PODS_ROOT}/Target Support Files/Pods-SportsApp-SportsAppUITests/Pods-SportsApp-SportsAppUITests-frameworks-${CONFIGURATION}-input-files.xcfilelist",
			);
			name = "[CP] Embed Pods Frameworks";
			outputFileListPaths = (
				"${PODS_ROOT}/Target Support Files/Pods-SportsApp-SportsAppUITests/Pods-SportsApp-SportsAppUITests-frameworks-${CONFIGURATION}-output-files.xcfilelist",
			);
			runOnlyForDeploymentPostprocessing = 0;
			shellPath = /bin/sh;
			shellScript = "\"${PODS_ROOT}/Target Support Files/Pods-SportsApp-SportsAppUITests/Pods-SportsApp-SportsAppUITests-frameworks.sh\"\n";
			showEnvVarsInLog = 0;
		};
		DB2330FE8C83909A5D4AD739 /* [CP] Check Pods Manifest.lock */ = {
			isa = PBXShellScriptBuildPhase;
			buildActionMask = 2147483647;
			files = (
			);
			inputFileListPaths = (
			);
			inputPaths = (
				"${PODS_PODFILE_DIR_PATH}/Podfile.lock",
				"${PODS_ROOT}/Manifest.lock",
			);
			name = "[CP] Check Pods Manifest.lock";
			outputFileListPaths = (
			);
			outputPaths = (
				"$(DERIVED_FILE_DIR)/Pods-SportsAppTests-checkManifestLockResult.txt",
			);
			runOnlyForDeploymentPostprocessing = 0;
			shellPath = /bin/sh;
			shellScript = "diff \"${PODS_PODFILE_DIR_PATH}/Podfile.lock\" \"${PODS_ROOT}/Manifest.lock\" > /dev/null\nif [ $? != 0 ] ; then\n    # print error to STDERR\n    echo \"error: The sandbox is not in sync with the Podfile.lock. Run 'pod install' or update your CocoaPods installation.\" >&2\n    exit 1\nfi\n# This output is used by Xcode 'outputs' to avoid re-running this script phase.\necho \"SUCCESS\" > \"${SCRIPT_OUTPUT_FILE_0}\"\n";
			showEnvVarsInLog = 0;
		};
/* End PBXShellScriptBuildPhase section */

/* Begin PBXSourcesBuildPhase section */
		1172247C262F298F00510CA9 /* Sources */ = {
			isa = PBXSourcesBuildPhase;
			buildActionMask = 2147483647;
			files = (
				11722488262F298F00510CA9 /* ViewController.swift in Sources */,
				11F4576C263463F000694427 /* Teams.swift in Sources */,
				11722484262F298F00510CA9 /* AppDelegate.swift in Sources */,
				11785C7026311A9C00DE3B03 /* Indicator.swift in Sources */,
				11785C6E26310E6100DE3B03 /* LeaguesTableCell.swift in Sources */,
				1172248E262F298F00510CA9 /* SportsApp.xcdatamodeld in Sources */,
				11F457602632358100694427 /* YoutubeViewController.swift in Sources */,
				3951767126309F0C0057A16D /* URLs.swift in Sources */,
				39517665263094950057A16D /* NetworkServiceModel.swift in Sources */,
				11F457622634349600694427 /* LeaguesInfoModel.swift in Sources */,
				3951766A263098C90057A16D /* Sports.swift in Sources */,
				11F457642634401000694427 /* TeamDetialesViewController.swift in Sources */,
				11785C692630FC4300DE3B03 /* Leagues.swift in Sources */,
				11722486262F298F00510CA9 /* SceneDelegate.swift in Sources */,
				11785C6C26310DB500DE3B03 /* LeaguesViewController.swift in Sources */,
				11785C72263120D700DE3B03 /* LeaguesDetailes.swift in Sources */,
				11F457722634648F00694427 /* TeamsDetails.swift in Sources */,
				11F4576A263449B300694427 /* SocialViewController.swift in Sources */,
			);
			runOnlyForDeploymentPostprocessing = 0;
		};
		11722495262F299600510CA9 /* Sources */ = {
			isa = PBXSourcesBuildPhase;
			buildActionMask = 2147483647;
			files = (
				1172249E262F299600510CA9 /* SportsAppTests.swift in Sources */,
			);
			runOnlyForDeploymentPostprocessing = 0;
		};
		117224A0262F299600510CA9 /* Sources */ = {
			isa = PBXSourcesBuildPhase;
			buildActionMask = 2147483647;
			files = (
				117224A9262F299600510CA9 /* SportsAppUITests.swift in Sources */,
			);
			runOnlyForDeploymentPostprocessing = 0;
		};
/* End PBXSourcesBuildPhase section */

/* Begin PBXTargetDependency section */
		1172249B262F299600510CA9 /* PBXTargetDependency */ = {
			isa = PBXTargetDependency;
			target = 1172247F262F298F00510CA9 /* SportsApp */;
			targetProxy = 1172249A262F299600510CA9 /* PBXContainerItemProxy */;
		};
		117224A6262F299600510CA9 /* PBXTargetDependency */ = {
			isa = PBXTargetDependency;
			target = 1172247F262F298F00510CA9 /* SportsApp */;
			targetProxy = 117224A5262F299600510CA9 /* PBXContainerItemProxy */;
		};
/* End PBXTargetDependency section */

/* Begin PBXVariantGroup section */
		11722489262F298F00510CA9 /* Main.storyboard */ = {
			isa = PBXVariantGroup;
			children = (
				1172248A262F298F00510CA9 /* Base */,
			);
			name = Main.storyboard;
			sourceTree = "<group>";
		};
		11722491262F299600510CA9 /* LaunchScreen.storyboard */ = {
			isa = PBXVariantGroup;
			children = (
				11722492262F299600510CA9 /* Base */,
			);
			name = LaunchScreen.storyboard;
			sourceTree = "<group>";
		};
/* End PBXVariantGroup section */

/* Begin XCBuildConfiguration section */
		117224AB262F299600510CA9 /* Debug */ = {
			isa = XCBuildConfiguration;
			buildSettings = {
				ALWAYS_SEARCH_USER_PATHS = NO;
				CLANG_ANALYZER_NONNULL = YES;
				CLANG_ANALYZER_NUMBER_OBJECT_CONVERSION = YES_AGGRESSIVE;
				CLANG_CXX_LANGUAGE_STANDARD = "gnu++14";
				CLANG_CXX_LIBRARY = "libc++";
				CLANG_ENABLE_MODULES = YES;
				CLANG_ENABLE_OBJC_ARC = YES;
				CLANG_ENABLE_OBJC_WEAK = YES;
				CLANG_WARN_BLOCK_CAPTURE_AUTORELEASING = YES;
				CLANG_WARN_BOOL_CONVERSION = YES;
				CLANG_WARN_COMMA = YES;
				CLANG_WARN_CONSTANT_CONVERSION = YES;
				CLANG_WARN_DEPRECATED_OBJC_IMPLEMENTATIONS = YES;
				CLANG_WARN_DIRECT_OBJC_ISA_USAGE = YES_ERROR;
				CLANG_WARN_DOCUMENTATION_COMMENTS = YES;
				CLANG_WARN_EMPTY_BODY = YES;
				CLANG_WARN_ENUM_CONVERSION = YES;
				CLANG_WARN_INFINITE_RECURSION = YES;
				CLANG_WARN_INT_CONVERSION = YES;
				CLANG_WARN_NON_LITERAL_NULL_CONVERSION = YES;
				CLANG_WARN_OBJC_IMPLICIT_RETAIN_SELF = YES;
				CLANG_WARN_OBJC_LITERAL_CONVERSION = YES;
				CLANG_WARN_OBJC_ROOT_CLASS = YES_ERROR;
				CLANG_WARN_RANGE_LOOP_ANALYSIS = YES;
				CLANG_WARN_STRICT_PROTOTYPES = YES;
				CLANG_WARN_SUSPICIOUS_MOVE = YES;
				CLANG_WARN_UNGUARDED_AVAILABILITY = YES_AGGRESSIVE;
				CLANG_WARN_UNREACHABLE_CODE = YES;
				CLANG_WARN__DUPLICATE_METHOD_MATCH = YES;
				COPY_PHASE_STRIP = NO;
				DEBUG_INFORMATION_FORMAT = dwarf;
				ENABLE_STRICT_OBJC_MSGSEND = YES;
				ENABLE_TESTABILITY = YES;
				GCC_C_LANGUAGE_STANDARD = gnu11;
				GCC_DYNAMIC_NO_PIC = NO;
				GCC_NO_COMMON_BLOCKS = YES;
				GCC_OPTIMIZATION_LEVEL = 0;
				GCC_PREPROCESSOR_DEFINITIONS = (
					"DEBUG=1",
					"$(inherited)",
				);
				GCC_WARN_64_TO_32_BIT_CONVERSION = YES;
				GCC_WARN_ABOUT_RETURN_TYPE = YES_ERROR;
				GCC_WARN_UNDECLARED_SELECTOR = YES;
				GCC_WARN_UNINITIALIZED_AUTOS = YES_AGGRESSIVE;
				GCC_WARN_UNUSED_FUNCTION = YES;
				GCC_WARN_UNUSED_VARIABLE = YES;
				IPHONEOS_DEPLOYMENT_TARGET = 13.4;
				MTL_ENABLE_DEBUG_INFO = INCLUDE_SOURCE;
				MTL_FAST_MATH = YES;
				ONLY_ACTIVE_ARCH = YES;
				SDKROOT = iphoneos;
				SWIFT_ACTIVE_COMPILATION_CONDITIONS = DEBUG;
				SWIFT_OPTIMIZATION_LEVEL = "-Onone";
			};
			name = Debug;
		};
		117224AC262F299600510CA9 /* Release */ = {
			isa = XCBuildConfiguration;
			buildSettings = {
				ALWAYS_SEARCH_USER_PATHS = NO;
				CLANG_ANALYZER_NONNULL = YES;
				CLANG_ANALYZER_NUMBER_OBJECT_CONVERSION = YES_AGGRESSIVE;
				CLANG_CXX_LANGUAGE_STANDARD = "gnu++14";
				CLANG_CXX_LIBRARY = "libc++";
				CLANG_ENABLE_MODULES = YES;
				CLANG_ENABLE_OBJC_ARC = YES;
				CLANG_ENABLE_OBJC_WEAK = YES;
				CLANG_WARN_BLOCK_CAPTURE_AUTORELEASING = YES;
				CLANG_WARN_BOOL_CONVERSION = YES;
				CLANG_WARN_COMMA = YES;
				CLANG_WARN_CONSTANT_CONVERSION = YES;
				CLANG_WARN_DEPRECATED_OBJC_IMPLEMENTATIONS = YES;
				CLANG_WARN_DIRECT_OBJC_ISA_USAGE = YES_ERROR;
				CLANG_WARN_DOCUMENTATION_COMMENTS = YES;
				CLANG_WARN_EMPTY_BODY = YES;
				CLANG_WARN_ENUM_CONVERSION = YES;
				CLANG_WARN_INFINITE_RECURSION = YES;
				CLANG_WARN_INT_CONVERSION = YES;
				CLANG_WARN_NON_LITERAL_NULL_CONVERSION = YES;
				CLANG_WARN_OBJC_IMPLICIT_RETAIN_SELF = YES;
				CLANG_WARN_OBJC_LITERAL_CONVERSION = YES;
				CLANG_WARN_OBJC_ROOT_CLASS = YES_ERROR;
				CLANG_WARN_RANGE_LOOP_ANALYSIS = YES;
				CLANG_WARN_STRICT_PROTOTYPES = YES;
				CLANG_WARN_SUSPICIOUS_MOVE = YES;
				CLANG_WARN_UNGUARDED_AVAILABILITY = YES_AGGRESSIVE;
				CLANG_WARN_UNREACHABLE_CODE = YES;
				CLANG_WARN__DUPLICATE_METHOD_MATCH = YES;
				COPY_PHASE_STRIP = NO;
				DEBUG_INFORMATION_FORMAT = "dwarf-with-dsym";
				ENABLE_NS_ASSERTIONS = NO;
				ENABLE_STRICT_OBJC_MSGSEND = YES;
				GCC_C_LANGUAGE_STANDARD = gnu11;
				GCC_NO_COMMON_BLOCKS = YES;
				GCC_WARN_64_TO_32_BIT_CONVERSION = YES;
				GCC_WARN_ABOUT_RETURN_TYPE = YES_ERROR;
				GCC_WARN_UNDECLARED_SELECTOR = YES;
				GCC_WARN_UNINITIALIZED_AUTOS = YES_AGGRESSIVE;
				GCC_WARN_UNUSED_FUNCTION = YES;
				GCC_WARN_UNUSED_VARIABLE = YES;
				IPHONEOS_DEPLOYMENT_TARGET = 13.4;
				MTL_ENABLE_DEBUG_INFO = NO;
				MTL_FAST_MATH = YES;
				SDKROOT = iphoneos;
				SWIFT_COMPILATION_MODE = wholemodule;
				SWIFT_OPTIMIZATION_LEVEL = "-O";
				VALIDATE_PRODUCT = YES;
			};
			name = Release;
		};
		117224AE262F299600510CA9 /* Debug */ = {
			isa = XCBuildConfiguration;
			baseConfigurationReference = C5621035D971E9FCD9CF5480 /* Pods-SportsApp.debug.xcconfig */;
			buildSettings = {
				ASSETCATALOG_COMPILER_APPICON_NAME = AppIcon;
				CODE_SIGN_STYLE = Automatic;
				INFOPLIST_FILE = SportsApp/Info.plist;
				LD_RUNPATH_SEARCH_PATHS = (
					"$(inherited)",
					"@executable_path/Frameworks",
				);
				PRODUCT_BUNDLE_IDENTIFIER = iti.SportsApp;
				PRODUCT_NAME = "$(TARGET_NAME)";
				SWIFT_VERSION = 5.0;
				TARGETED_DEVICE_FAMILY = "1,2";
			};
			name = Debug;
		};
		117224AF262F299600510CA9 /* Release */ = {
			isa = XCBuildConfiguration;
			baseConfigurationReference = 60E50CD9E0F77730DEE192CD /* Pods-SportsApp.release.xcconfig */;
			buildSettings = {
				ASSETCATALOG_COMPILER_APPICON_NAME = AppIcon;
				CODE_SIGN_STYLE = Automatic;
				INFOPLIST_FILE = SportsApp/Info.plist;
				LD_RUNPATH_SEARCH_PATHS = (
					"$(inherited)",
					"@executable_path/Frameworks",
				);
				PRODUCT_BUNDLE_IDENTIFIER = iti.SportsApp;
				PRODUCT_NAME = "$(TARGET_NAME)";
				SWIFT_VERSION = 5.0;
				TARGETED_DEVICE_FAMILY = "1,2";
			};
			name = Release;
		};
		117224B1262F299600510CA9 /* Debug */ = {
			isa = XCBuildConfiguration;
			baseConfigurationReference = B2BFEA59BC2FB3E7992669AB /* Pods-SportsAppTests.debug.xcconfig */;
			buildSettings = {
				ALWAYS_EMBED_SWIFT_STANDARD_LIBRARIES = YES;
				BUNDLE_LOADER = "$(TEST_HOST)";
				CODE_SIGN_STYLE = Automatic;
				INFOPLIST_FILE = SportsAppTests/Info.plist;
				IPHONEOS_DEPLOYMENT_TARGET = 13.4;
				LD_RUNPATH_SEARCH_PATHS = (
					"$(inherited)",
					"@executable_path/Frameworks",
					"@loader_path/Frameworks",
				);
				PRODUCT_BUNDLE_IDENTIFIER = iti.SportsAppTests;
				PRODUCT_NAME = "$(TARGET_NAME)";
				SWIFT_VERSION = 5.0;
				TARGETED_DEVICE_FAMILY = "1,2";
				TEST_HOST = "$(BUILT_PRODUCTS_DIR)/SportsApp.app/SportsApp";
			};
			name = Debug;
		};
		117224B2262F299600510CA9 /* Release */ = {
			isa = XCBuildConfiguration;
			baseConfigurationReference = 7D5D92B8EA10084EA71BD26A /* Pods-SportsAppTests.release.xcconfig */;
			buildSettings = {
				ALWAYS_EMBED_SWIFT_STANDARD_LIBRARIES = YES;
				BUNDLE_LOADER = "$(TEST_HOST)";
				CODE_SIGN_STYLE = Automatic;
				INFOPLIST_FILE = SportsAppTests/Info.plist;
				IPHONEOS_DEPLOYMENT_TARGET = 13.4;
				LD_RUNPATH_SEARCH_PATHS = (
					"$(inherited)",
					"@executable_path/Frameworks",
					"@loader_path/Frameworks",
				);
				PRODUCT_BUNDLE_IDENTIFIER = iti.SportsAppTests;
				PRODUCT_NAME = "$(TARGET_NAME)";
				SWIFT_VERSION = 5.0;
				TARGETED_DEVICE_FAMILY = "1,2";
				TEST_HOST = "$(BUILT_PRODUCTS_DIR)/SportsApp.app/SportsApp";
			};
			name = Release;
		};
		117224B4262F299600510CA9 /* Debug */ = {
			isa = XCBuildConfiguration;
			baseConfigurationReference = CD71ACB39DF4C75F08F80325 /* Pods-SportsApp-SportsAppUITests.debug.xcconfig */;
			buildSettings = {
				ALWAYS_EMBED_SWIFT_STANDARD_LIBRARIES = YES;
				CODE_SIGN_STYLE = Automatic;
				INFOPLIST_FILE = SportsAppUITests/Info.plist;
				LD_RUNPATH_SEARCH_PATHS = (
					"$(inherited)",
					"@executable_path/Frameworks",
					"@loader_path/Frameworks",
				);
				PRODUCT_BUNDLE_IDENTIFIER = iti.SportsAppUITests;
				PRODUCT_NAME = "$(TARGET_NAME)";
				SWIFT_VERSION = 5.0;
				TARGETED_DEVICE_FAMILY = "1,2";
				TEST_TARGET_NAME = SportsApp;
			};
			name = Debug;
		};
		117224B5262F299600510CA9 /* Release */ = {
			isa = XCBuildConfiguration;
			baseConfigurationReference = 6DF14DE006A0DA86E35260AC /* Pods-SportsApp-SportsAppUITests.release.xcconfig */;
			buildSettings = {
				ALWAYS_EMBED_SWIFT_STANDARD_LIBRARIES = YES;
				CODE_SIGN_STYLE = Automatic;
				INFOPLIST_FILE = SportsAppUITests/Info.plist;
				LD_RUNPATH_SEARCH_PATHS = (
					"$(inherited)",
					"@executable_path/Frameworks",
					"@loader_path/Frameworks",
				);
				PRODUCT_BUNDLE_IDENTIFIER = iti.SportsAppUITests;
				PRODUCT_NAME = "$(TARGET_NAME)";
				SWIFT_VERSION = 5.0;
				TARGETED_DEVICE_FAMILY = "1,2";
				TEST_TARGET_NAME = SportsApp;
			};
			name = Release;
		};
/* End XCBuildConfiguration section */

/* Begin XCConfigurationList section */
		1172247B262F298F00510CA9 /* Build configuration list for PBXProject "SportsApp" */ = {
			isa = XCConfigurationList;
			buildConfigurations = (
				117224AB262F299600510CA9 /* Debug */,
				117224AC262F299600510CA9 /* Release */,
			);
			defaultConfigurationIsVisible = 0;
			defaultConfigurationName = Release;
		};
		117224AD262F299600510CA9 /* Build configuration list for PBXNativeTarget "SportsApp" */ = {
			isa = XCConfigurationList;
			buildConfigurations = (
				117224AE262F299600510CA9 /* Debug */,
				117224AF262F299600510CA9 /* Release */,
			);
			defaultConfigurationIsVisible = 0;
			defaultConfigurationName = Release;
		};
		117224B0262F299600510CA9 /* Build configuration list for PBXNativeTarget "SportsAppTests" */ = {
			isa = XCConfigurationList;
			buildConfigurations = (
				117224B1262F299600510CA9 /* Debug */,
				117224B2262F299600510CA9 /* Release */,
			);
			defaultConfigurationIsVisible = 0;
			defaultConfigurationName = Release;
		};
		117224B3262F299600510CA9 /* Build configuration list for PBXNativeTarget "SportsAppUITests" */ = {
			isa = XCConfigurationList;
			buildConfigurations = (
				117224B4262F299600510CA9 /* Debug */,
				117224B5262F299600510CA9 /* Release */,
			);
			defaultConfigurationIsVisible = 0;
			defaultConfigurationName = Release;
		};
/* End XCConfigurationList section */

/* Begin XCVersionGroup section */
		1172248C262F298F00510CA9 /* SportsApp.xcdatamodeld */ = {
			isa = XCVersionGroup;
			children = (
				1172248D262F298F00510CA9 /* SportsApp.xcdatamodel */,
			);
			currentVersion = 1172248D262F298F00510CA9 /* SportsApp.xcdatamodel */;
			path = SportsApp.xcdatamodeld;
			sourceTree = "<group>";
			versionGroupType = wrapper.xcdatamodel;
		};
/* End XCVersionGroup section */
	};
	rootObject = 11722478262F298F00510CA9 /* Project object */;
}
