// !$*UTF8*$!
{
	archiveVersion = 1;
	classes = {
	};
	objectVersion = 50;
	objects = {

/* Begin PBXBuildFile section */
		11722484262F298F00510CA9 /* AppDelegate.swift in Sources */ = {isa = PBXBuildFile; fileRef = 11722483262F298F00510CA9 /* AppDelegate.swift */; };
		11722486262F298F00510CA9 /* SceneDelegate.swift in Sources */ = {isa = PBXBuildFile; fileRef = 11722485262F298F00510CA9 /* SceneDelegate.swift */; };
		11722488262F298F00510CA9 /* ViewController.swift in Sources */ = {isa = PBXBuildFile; fileRef = 11722487262F298F00510CA9 /* ViewController.swift */; };
		1172248B262F298F00510CA9 /* Main.storyboard in Resources */ = {isa = PBXBuildFile; fileRef = 11722489262F298F00510CA9 /* Main.storyboard */; };
		1172248E262F298F00510CA9 /* SportsApp.xcdatamodeld in Sources */ = {isa = PBXBuildFile; fileRef = 1172248C262F298F00510CA9 /* SportsApp.xcdatamodeld */; };
		11722490262F299600510CA9 /* Assets.xcassets in Resources */ = {isa = PBXBuildFile; fileRef = 1172248F262F299600510CA9 /* Assets.xcassets */; };
		11722493262F299600510CA9 /* LaunchScreen.storyboard in Resources */ = {isa = PBXBuildFile; fileRef = 11722491262F299600510CA9 /* LaunchScreen.storyboard */; };
		1172249E262F299600510CA9 /* SportsAppTests.swift in Sources */ = {isa = PBXBuildFile; fileRef = 1172249D262F299600510CA9 /* SportsAppTests.swift */; };
		117224A9262F299600510CA9 /* SportsAppUITests.swift in Sources */ = {isa = PBXBuildFile; fileRef = 117224A8262F299600510CA9 /* SportsAppUITests.swift */; };
/* End PBXBuildFile section */

/* Begin PBXContainerItemProxy section */
		1172249A262F299600510CA9 /* PBXContainerItemProxy */ = {
			isa = PBXContainerItemProxy;
			containerPortal = 11722478262F298F00510CA9 /* Project object */;
			proxyType = 1;
			remoteGlobalIDString = 1172247F262F298F00510CA9;
			remoteInfo = SportsApp;
		};
		117224A5262F299600510CA9 /* PBXContainerItemProxy */ = {
			isa = PBXContainerItemProxy;
			containerPortal = 11722478262F298F00510CA9 /* Project object */;
			proxyType = 1;
			remoteGlobalIDString = 1172247F262F298F00510CA9;
			remoteInfo = SportsApp;
		};
/* End PBXContainerItemProxy section */

/* Begin PBXFileReference section */
		11722480262F298F00510CA9 /* SportsApp.app */ = {isa = PBXFileReference; explicitFileType = wrapper.application; includeInIndex = 0; path = SportsApp.app; sourceTree = BUILT_PRODUCTS_DIR; };
		11722483262F298F00510CA9 /* AppDelegate.swift */ = {isa = PBXFileReference; lastKnownFileType = sourcecode.swift; path = AppDelegate.swift; sourceTree = "<group>"; };
		11722485262F298F00510CA9 /* SceneDelegate.swift */ = {isa = PBXFileReference; lastKnownFileType = sourcecode.swift; path = SceneDelegate.swift; sourceTree = "<group>"; };
		11722487262F298F00510CA9 /* ViewController.swift */ = {isa = PBXFileReference; lastKnownFileType = sourcecode.swift; path = ViewController.swift; sourceTree = "<group>"; };
		1172248A262F298F00510CA9 /* Base */ = {isa = PBXFileReference; lastKnownFileType = file.storyboard; name = Base; path = Base.lproj/Main.storyboard; sourceTree = "<group>"; };
		1172248D262F298F00510CA9 /* SportsApp.xcdatamodel */ = {isa = PBXFileReference; lastKnownFileType = wrapper.xcdatamodel; path = SportsApp.xcdatamodel; sourceTree = "<group>"; };
		1172248F262F299600510CA9 /* Assets.xcassets */ = {isa = PBXFileReference; lastKnownFileType = folder.assetcatalog; path = Assets.xcassets; sourceTree = "<group>"; };
		11722492262F299600510CA9 /* Base */ = {isa = PBXFileReference; lastKnownFileType = file.storyboard; name = Base; path = Base.lproj/LaunchScreen.storyboard; sourceTree = "<group>"; };
		11722494262F299600510CA9 /* Info.plist */ = {isa = PBXFileReference; lastKnownFileType = text.plist.xml; path = Info.plist; sourceTree = "<group>"; };
		11722499262F299600510CA9 /* SportsAppTests.xctest */ = {isa = PBXFileReference; explicitFileType = wrapper.cfbundle; includeInIndex = 0; path = SportsAppTests.xctest; sourceTree = BUILT_PRODUCTS_DIR; };
		1172249D262F299600510CA9 /* SportsAppTests.swift */ = {isa = PBXFileReference; lastKnownFileType = sourcecode.swift; path = SportsAppTests.swift; sourceTree = "<group>"; };
		1172249F262F299600510CA9 /* Info.plist */ = {isa = PBXFileReference; lastKnownFileType = text.plist.xml; path = Info.plist; sourceTree = "<group>"; };
		117224A4262F299600510CA9 /* SportsAppUITests.xctest */ = {isa = PBXFileReference; explicitFileType = wrapper.cfbundle; includeInIndex = 0; path = SportsAppUITests.xctest; sourceTree = BUILT_PRODUCTS_DIR; };
		117224A8262F299600510CA9 /* SportsAppUITests.swift */ = {isa = PBXFileReference; lastKnownFileType = sourcecode.swift; path = SportsAppUITests.swift; sourceTree = "<group>"; };
		117224AA262F299600510CA9 /* Info.plist */ = {isa = PBXFileReference; lastKnownFileType = text.plist.xml; path = Info.plist; sourceTree = "<group>"; };
/* End PBXFileReference section */

/* Begin PBXFrameworksBuildPhase section */
		1172247D262F298F00510CA9 /* Frameworks */ = {
			isa = PBXFrameworksBuildPhase;
			buildActionMask = 2147483647;
			files = (
			);
			runOnlyForDeploymentPostprocessing = 0;
		};
		11722496262F299600510CA9 /* Frameworks */ = {
			isa = PBXFrameworksBuildPhase;
			buildActionMask = 2147483647;
			files = (
			);
			runOnlyForDeploymentPostprocessing = 0;
		};
		117224A1262F299600510CA9 /* Frameworks */ = {
			isa = PBXFrameworksBuildPhase;
			buildActionMask = 2147483647;
			files = (
			);
			runOnlyForDeploymentPostprocessing = 0;
		};
/* End PBXFrameworksBuildPhase section */

/* Begin PBXGroup section */
		11722477262F298F00510CA9 = {
			isa = PBXGroup;
			children = (
				11722482262F298F00510CA9 /* SportsApp */,
				1172249C262F299600510CA9 /* SportsAppTests */,
				117224A7262F299600510CA9 /* SportsAppUITests */,
				11722481262F298F00510CA9 /* Products */,
			);
			sourceTree = "<group>";
		};
		11722481262F298F00510CA9 /* Products */ = {
			isa = PBXGroup;
			children = (
				11722480262F298F00510CA9 /* SportsApp.app */,
				11722499262F299600510CA9 /* SportsAppTests.xctest */,
				117224A4262F299600510CA9 /* SportsAppUITests.xctest */,
			);
			name = Products;
			sourceTree = "<group>";
		};
		11722482262F298F00510CA9 /* SportsApp */ = {
			isa = PBXGroup;
			children = (
				11722483262F298F00510CA9 /* AppDelegate.swift */,
				11722485262F298F00510CA9 /* SceneDelegate.swift */,
				11722487262F298F00510CA9 /* ViewController.swift */,
				11722489262F298F00510CA9 /* Main.storyboard */,
				1172248F262F299600510CA9 /* Assets.xcassets */,
				11722491262F299600510CA9 /* LaunchScreen.storyboard */,
				11722494262F299600510CA9 /* Info.plist */,
				1172248C262F298F00510CA9 /* SportsApp.xcdatamodeld */,
			);
			path = SportsApp;
			sourceTree = "<group>";
		};
		1172249C262F299600510CA9 /* SportsAppTests */ = {
			isa = PBXGroup;
			children = (
				1172249D262F299600510CA9 /* SportsAppTests.swift */,
				1172249F262F299600510CA9 /* Info.plist */,
			);
			path = SportsAppTests;
			sourceTree = "<group>";
		};
		117224A7262F299600510CA9 /* SportsAppUITests */ = {
			isa = PBXGroup;
			children = (
				117224A8262F299600510CA9 /* SportsAppUITests.swift */,
				117224AA262F299600510CA9 /* Info.plist */,
			);
			path = SportsAppUITests;
			sourceTree = "<group>";
		};
/* End PBXGroup section */

/* Begin PBXNativeTarget section */
		1172247F262F298F00510CA9 /* SportsApp */ = {
			isa = PBXNativeTarget;
			buildConfigurationList = 117224AD262F299600510CA9 /* Build configuration list for PBXNativeTarget "SportsApp" */;
			buildPhases = (
				1172247C262F298F00510CA9 /* Sources */,
				1172247D262F298F00510CA9 /* Frameworks */,
				1172247E262F298F00510CA9 /* Resources */,
			);
			buildRules = (
			);
			dependencies = (
			);
			name = SportsApp;
			productName = SportsApp;
			productReference = 11722480262F298F00510CA9 /* SportsApp.app */;
			productType = "com.apple.product-type.application";
		};
		11722498262F299600510CA9 /* SportsAppTests */ = {
			isa = PBXNativeTarget;
			buildConfigurationList = 117224B0262F299600510CA9 /* Build configuration list for PBXNativeTarget "SportsAppTests" */;
			buildPhases = (
				11722495262F299600510CA9 /* Sources */,
				11722496262F299600510CA9 /* Frameworks */,
				11722497262F299600510CA9 /* Resources */,
			);
			buildRules = (
			);
			dependencies = (
				1172249B262F299600510CA9 /* PBXTargetDependency */,
			);
			name = SportsAppTests;
			productName = SportsAppTests;
			productReference = 11722499262F299600510CA9 /* SportsAppTests.xctest */;
			productType = "com.apple.product-type.bundle.unit-test";
		};
		117224A3262F299600510CA9 /* SportsAppUITests */ = {
			isa = PBXNativeTarget;
			buildConfigurationList = 117224B3262F299600510CA9 /* Build configuration list for PBXNativeTarget "SportsAppUITests" */;
			buildPhases = (
				117224A0262F299600510CA9 /* Sources */,
				117224A1262F299600510CA9 /* Frameworks */,
				117224A2262F299600510CA9 /* Resources */,
			);
			buildRules = (
			);
			dependencies = (
				117224A6262F299600510CA9 /* PBXTargetDependency */,
			);
			name = SportsAppUITests;
			productName = SportsAppUITests;
			productReference = 117224A4262F299600510CA9 /* SportsAppUITests.xctest */;
			productType = "com.apple.product-type.bundle.ui-testing";
		};
/* End PBXNativeTarget section */

/* Begin PBXProject section */
		11722478262F298F00510CA9 /* Project object */ = {
			isa = PBXProject;
			attributes = {
				LastSwiftUpdateCheck = 1140;
				LastUpgradeCheck = 1140;
				ORGANIZATIONNAME = Norhan;
				TargetAttributes = {
					1172247F262F298F00510CA9 = {
						CreatedOnToolsVersion = 11.4;
					};
					11722498262F299600510CA9 = {
						CreatedOnToolsVersion = 11.4;
						TestTargetID = 1172247F262F298F00510CA9;
					};
					117224A3262F299600510CA9 = {
						CreatedOnToolsVersion = 11.4;
						TestTargetID = 1172247F262F298F00510CA9;
					};
				};
			};
			buildConfigurationList = 1172247B262F298F00510CA9 /* Build configuration list for PBXProject "SportsApp" */;
			compatibilityVersion = "Xcode 9.3";
			developmentRegion = en;
			hasScannedForEncodings = 0;
			knownRegions = (
				en,
				Base,
			);
			mainGroup = 11722477262F298F00510CA9;
			productRefGroup = 11722481262F298F00510CA9 /* Products */;
			projectDirPath = "";
			projectRoot = "";
			targets = (
				1172247F262F298F00510CA9 /* SportsApp */,
				11722498262F299600510CA9 /* SportsAppTests */,
				117224A3262F299600510CA9 /* SportsAppUITests */,
			);
		};
/* End PBXProject section */

/* Begin PBXResourcesBuildPhase section */
		1172247E262F298F00510CA9 /* Resources */ = {
			isa = PBXResourcesBuildPhase;
			buildActionMask = 2147483647;
			files = (
				11722493262F299600510CA9 /* LaunchScreen.storyboard in Resources */,
				11722490262F299600510CA9 /* Assets.xcassets in Resources */,
				1172248B262F298F00510CA9 /* Main.storyboard in Resources */,
			);
			runOnlyForDeploymentPostprocessing = 0;
		};
		11722497262F299600510CA9 /* Resources */ = {
			isa = PBXResourcesBuildPhase;
			buildActionMask = 2147483647;
			files = (
			);
			runOnlyForDeploymentPostprocessing = 0;
		};
		117224A2262F299600510CA9 /* Resources */ = {
			isa = PBXResourcesBuildPhase;
			buildActionMask = 2147483647;
			files = (
			);
			runOnlyForDeploymentPostprocessing = 0;
		};
/* End PBXResourcesBuildPhase section */

/* Begin PBXSourcesBuildPhase section */
		1172247C262F298F00510CA9 /* Sources */ = {
			isa = PBXSourcesBuildPhase;
			buildActionMask = 2147483647;
			files = (
				11722488262F298F00510CA9 /* ViewController.swift in Sources */,
				11722484262F298F00510CA9 /* AppDelegate.swift in Sources */,
				1172248E262F298F00510CA9 /* SportsApp.xcdatamodeld in Sources */,
				11722486262F298F00510CA9 /* SceneDelegate.swift in Sources */,
			);
			runOnlyForDeploymentPostprocessing = 0;
		};
		11722495262F299600510CA9 /* Sources */ = {
			isa = PBXSourcesBuildPhase;
			buildActionMask = 2147483647;
			files = (
				1172249E262F299600510CA9 /* SportsAppTests.swift in Sources */,
			);
			runOnlyForDeploymentPostprocessing = 0;
		};
		117224A0262F299600510CA9 /* Sources */ = {
			isa = PBXSourcesBuildPhase;
			buildActionMask = 2147483647;
			files = (
				117224A9262F299600510CA9 /* SportsAppUITests.swift in Sources */,
			);
			runOnlyForDeploymentPostprocessing = 0;
		};
/* End PBXSourcesBuildPhase section */

/* Begin PBXTargetDependency section */
		1172249B262F299600510CA9 /* PBXTargetDependency */ = {
			isa = PBXTargetDependency;
			target = 1172247F262F298F00510CA9 /* SportsApp */;
			targetProxy = 1172249A262F299600510CA9 /* PBXContainerItemProxy */;
		};
		117224A6262F299600510CA9 /* PBXTargetDependency */ = {
			isa = PBXTargetDependency;
			target = 1172247F262F298F00510CA9 /* SportsApp */;
			targetProxy = 117224A5262F299600510CA9 /* PBXContainerItemProxy */;
		};
/* End PBXTargetDependency section */

/* Begin PBXVariantGroup section */
		11722489262F298F00510CA9 /* Main.storyboard */ = {
			isa = PBXVariantGroup;
			children = (
				1172248A262F298F00510CA9 /* Base */,
			);
			name = Main.storyboard;
			sourceTree = "<group>";
		};
		11722491262F299600510CA9 /* LaunchScreen.storyboard */ = {
			isa = PBXVariantGroup;
			children = (
				11722492262F299600510CA9 /* Base */,
			);
			name = LaunchScreen.storyboard;
			sourceTree = "<group>";
		};
/* End PBXVariantGroup section */

/* Begin XCBuildConfiguration section */
		117224AB262F299600510CA9 /* Debug */ = {
			isa = XCBuildConfiguration;
			buildSettings = {
				ALWAYS_SEARCH_USER_PATHS = NO;
				CLANG_ANALYZER_NONNULL = YES;
				CLANG_ANALYZER_NUMBER_OBJECT_CONVERSION = YES_AGGRESSIVE;
				CLANG_CXX_LANGUAGE_STANDARD = "gnu++14";
				CLANG_CXX_LIBRARY = "libc++";
				CLANG_ENABLE_MODULES = YES;
				CLANG_ENABLE_OBJC_ARC = YES;
				CLANG_ENABLE_OBJC_WEAK = YES;
				CLANG_WARN_BLOCK_CAPTURE_AUTORELEASING = YES;
				CLANG_WARN_BOOL_CONVERSION = YES;
				CLANG_WARN_COMMA = YES;
				CLANG_WARN_CONSTANT_CONVERSION = YES;
				CLANG_WARN_DEPRECATED_OBJC_IMPLEMENTATIONS = YES;
				CLANG_WARN_DIRECT_OBJC_ISA_USAGE = YES_ERROR;
				CLANG_WARN_DOCUMENTATION_COMMENTS = YES;
				CLANG_WARN_EMPTY_BODY = YES;
				CLANG_WARN_ENUM_CONVERSION = YES;
				CLANG_WARN_INFINITE_RECURSION = YES;
				CLANG_WARN_INT_CONVERSION = YES;
				CLANG_WARN_NON_LITERAL_NULL_CONVERSION = YES;
				CLANG_WARN_OBJC_IMPLICIT_RETAIN_SELF = YES;
				CLANG_WARN_OBJC_LITERAL_CONVERSION = YES;
				CLANG_WARN_OBJC_ROOT_CLASS = YES_ERROR;
				CLANG_WARN_RANGE_LOOP_ANALYSIS = YES;
				CLANG_WARN_STRICT_PROTOTYPES = YES;
				CLANG_WARN_SUSPICIOUS_MOVE = YES;
				CLANG_WARN_UNGUARDED_AVAILABILITY = YES_AGGRESSIVE;
				CLANG_WARN_UNREACHABLE_CODE = YES;
				CLANG_WARN__DUPLICATE_METHOD_MATCH = YES;
				COPY_PHASE_STRIP = NO;
				DEBUG_INFORMATION_FORMAT = dwarf;
				ENABLE_STRICT_OBJC_MSGSEND = YES;
				ENABLE_TESTABILITY = YES;
				GCC_C_LANGUAGE_STANDARD = gnu11;
				GCC_DYNAMIC_NO_PIC = NO;
				GCC_NO_COMMON_BLOCKS = YES;
				GCC_OPTIMIZATION_LEVEL = 0;
				GCC_PREPROCESSOR_DEFINITIONS = (
					"DEBUG=1",
					"$(inherited)",
				);
				GCC_WARN_64_TO_32_BIT_CONVERSION = YES;
				GCC_WARN_ABOUT_RETURN_TYPE = YES_ERROR;
				GCC_WARN_UNDECLARED_SELECTOR = YES;
				GCC_WARN_UNINITIALIZED_AUTOS = YES_AGGRESSIVE;
				GCC_WARN_UNUSED_FUNCTION = YES;
				GCC_WARN_UNUSED_VARIABLE = YES;
				IPHONEOS_DEPLOYMENT_TARGET = 13.4;
				MTL_ENABLE_DEBUG_INFO = INCLUDE_SOURCE;
				MTL_FAST_MATH = YES;
				ONLY_ACTIVE_ARCH = YES;
				SDKROOT = iphoneos;
				SWIFT_ACTIVE_COMPILATION_CONDITIONS = DEBUG;
				SWIFT_OPTIMIZATION_LEVEL = "-Onone";
			};
			name = Debug;
		};
		117224AC262F299600510CA9 /* Release */ = {
			isa = XCBuildConfiguration;
			buildSettings = {
				ALWAYS_SEARCH_USER_PATHS = NO;
				CLANG_ANALYZER_NONNULL = YES;
				CLANG_ANALYZER_NUMBER_OBJECT_CONVERSION = YES_AGGRESSIVE;
				CLANG_CXX_LANGUAGE_STANDARD = "gnu++14";
				CLANG_CXX_LIBRARY = "libc++";
				CLANG_ENABLE_MODULES = YES;
				CLANG_ENABLE_OBJC_ARC = YES;
				CLANG_ENABLE_OBJC_WEAK = YES;
				CLANG_WARN_BLOCK_CAPTURE_AUTORELEASING = YES;
				CLANG_WARN_BOOL_CONVERSION = YES;
				CLANG_WARN_COMMA = YES;
				CLANG_WARN_CONSTANT_CONVERSION = YES;
				CLANG_WARN_DEPRECATED_OBJC_IMPLEMENTATIONS = YES;
				CLANG_WARN_DIRECT_OBJC_ISA_USAGE = YES_ERROR;
				CLANG_WARN_DOCUMENTATION_COMMENTS = YES;
				CLANG_WARN_EMPTY_BODY = YES;
				CLANG_WARN_ENUM_CONVERSION = YES;
				CLANG_WARN_INFINITE_RECURSION = YES;
				CLANG_WARN_INT_CONVERSION = YES;
				CLANG_WARN_NON_LITERAL_NULL_CONVERSION = YES;
				CLANG_WARN_OBJC_IMPLICIT_RETAIN_SELF = YES;
				CLANG_WARN_OBJC_LITERAL_CONVERSION = YES;
				CLANG_WARN_OBJC_ROOT_CLASS = YES_ERROR;
				CLANG_WARN_RANGE_LOOP_ANALYSIS = YES;
				CLANG_WARN_STRICT_PROTOTYPES = YES;
				CLANG_WARN_SUSPICIOUS_MOVE = YES;
				CLANG_WARN_UNGUARDED_AVAILABILITY = YES_AGGRESSIVE;
				CLANG_WARN_UNREACHABLE_CODE = YES;
				CLANG_WARN__DUPLICATE_METHOD_MATCH = YES;
				COPY_PHASE_STRIP = NO;
				DEBUG_INFORMATION_FORMAT = "dwarf-with-dsym";
				ENABLE_NS_ASSERTIONS = NO;
				ENABLE_STRICT_OBJC_MSGSEND = YES;
				GCC_C_LANGUAGE_STANDARD = gnu11;
				GCC_NO_COMMON_BLOCKS = YES;
				GCC_WARN_64_TO_32_BIT_CONVERSION = YES;
				GCC_WARN_ABOUT_RETURN_TYPE = YES_ERROR;
				GCC_WARN_UNDECLARED_SELECTOR = YES;
				GCC_WARN_UNINITIALIZED_AUTOS = YES_AGGRESSIVE;
				GCC_WARN_UNUSED_FUNCTION = YES;
				GCC_WARN_UNUSED_VARIABLE = YES;
				IPHONEOS_DEPLOYMENT_TARGET = 13.4;
				MTL_ENABLE_DEBUG_INFO = NO;
				MTL_FAST_MATH = YES;
				SDKROOT = iphoneos;
				SWIFT_COMPILATION_MODE = wholemodule;
				SWIFT_OPTIMIZATION_LEVEL = "-O";
				VALIDATE_PRODUCT = YES;
			};
			name = Release;
		};
		117224AE262F299600510CA9 /* Debug */ = {
			isa = XCBuildConfiguration;
			buildSettings = {
				ASSETCATALOG_COMPILER_APPICON_NAME = AppIcon;
				CODE_SIGN_STYLE = Automatic;
				INFOPLIST_FILE = SportsApp/Info.plist;
				LD_RUNPATH_SEARCH_PATHS = (
					"$(inherited)",
					"@executable_path/Frameworks",
				);
				PRODUCT_BUNDLE_IDENTIFIER = iti.SportsApp;
				PRODUCT_NAME = "$(TARGET_NAME)";
				SWIFT_VERSION = 5.0;
				TARGETED_DEVICE_FAMILY = "1,2";
			};
			name = Debug;
		};
		117224AF262F299600510CA9 /* Release */ = {
			isa = XCBuildConfiguration;
			buildSettings = {
				ASSETCATALOG_COMPILER_APPICON_NAME = AppIcon;
				CODE_SIGN_STYLE = Automatic;
				INFOPLIST_FILE = SportsApp/Info.plist;
				LD_RUNPATH_SEARCH_PATHS = (
					"$(inherited)",
					"@executable_path/Frameworks",
				);
				PRODUCT_BUNDLE_IDENTIFIER = iti.SportsApp;
				PRODUCT_NAME = "$(TARGET_NAME)";
				SWIFT_VERSION = 5.0;
				TARGETED_DEVICE_FAMILY = "1,2";
			};
			name = Release;
		};
		117224B1262F299600510CA9 /* Debug */ = {
			isa = XCBuildConfiguration;
			buildSettings = {
				ALWAYS_EMBED_SWIFT_STANDARD_LIBRARIES = YES;
				BUNDLE_LOADER = "$(TEST_HOST)";
				CODE_SIGN_STYLE = Automatic;
				INFOPLIST_FILE = SportsAppTests/Info.plist;
				IPHONEOS_DEPLOYMENT_TARGET = 13.4;
				LD_RUNPATH_SEARCH_PATHS = (
					"$(inherited)",
					"@executable_path/Frameworks",
					"@loader_path/Frameworks",
				);
				PRODUCT_BUNDLE_IDENTIFIER = iti.SportsAppTests;
				PRODUCT_NAME = "$(TARGET_NAME)";
				SWIFT_VERSION = 5.0;
				TARGETED_DEVICE_FAMILY = "1,2";
				TEST_HOST = "$(BUILT_PRODUCTS_DIR)/SportsApp.app/SportsApp";
			};
			name = Debug;
		};
		117224B2262F299600510CA9 /* Release */ = {
			isa = XCBuildConfiguration;
			buildSettings = {
				ALWAYS_EMBED_SWIFT_STANDARD_LIBRARIES = YES;
				BUNDLE_LOADER = "$(TEST_HOST)";
				CODE_SIGN_STYLE = Automatic;
				INFOPLIST_FILE = SportsAppTests/Info.plist;
				IPHONEOS_DEPLOYMENT_TARGET = 13.4;
				LD_RUNPATH_SEARCH_PATHS = (
					"$(inherited)",
					"@executable_path/Frameworks",
					"@loader_path/Frameworks",
				);
				PRODUCT_BUNDLE_IDENTIFIER = iti.SportsAppTests;
				PRODUCT_NAME = "$(TARGET_NAME)";
				SWIFT_VERSION = 5.0;
				TARGETED_DEVICE_FAMILY = "1,2";
				TEST_HOST = "$(BUILT_PRODUCTS_DIR)/SportsApp.app/SportsApp";
			};
			name = Release;
		};
		117224B4262F299600510CA9 /* Debug */ = {
			isa = XCBuildConfiguration;
			buildSettings = {
				ALWAYS_EMBED_SWIFT_STANDARD_LIBRARIES = YES;
				CODE_SIGN_STYLE = Automatic;
				INFOPLIST_FILE = SportsAppUITests/Info.plist;
				LD_RUNPATH_SEARCH_PATHS = (
					"$(inherited)",
					"@executable_path/Frameworks",
					"@loader_path/Frameworks",
				);
				PRODUCT_BUNDLE_IDENTIFIER = iti.SportsAppUITests;
				PRODUCT_NAME = "$(TARGET_NAME)";
				SWIFT_VERSION = 5.0;
				TARGETED_DEVICE_FAMILY = "1,2";
				TEST_TARGET_NAME = SportsApp;
			};
			name = Debug;
		};
		117224B5262F299600510CA9 /* Release */ = {
			isa = XCBuildConfiguration;
			buildSettings = {
				ALWAYS_EMBED_SWIFT_STANDARD_LIBRARIES = YES;
				CODE_SIGN_STYLE = Automatic;
				INFOPLIST_FILE = SportsAppUITests/Info.plist;
				LD_RUNPATH_SEARCH_PATHS = (
					"$(inherited)",
					"@executable_path/Frameworks",
					"@loader_path/Frameworks",
				);
				PRODUCT_BUNDLE_IDENTIFIER = iti.SportsAppUITests;
				PRODUCT_NAME = "$(TARGET_NAME)";
				SWIFT_VERSION = 5.0;
				TARGETED_DEVICE_FAMILY = "1,2";
				TEST_TARGET_NAME = SportsApp;
			};
			name = Release;
		};
/* End XCBuildConfiguration section */

/* Begin XCConfigurationList section */
		1172247B262F298F00510CA9 /* Build configuration list for PBXProject "SportsApp" */ = {
			isa = XCConfigurationList;
			buildConfigurations = (
				117224AB262F299600510CA9 /* Debug */,
				117224AC262F299600510CA9 /* Release */,
			);
			defaultConfigurationIsVisible = 0;
			defaultConfigurationName = Release;
		};
		117224AD262F299600510CA9 /* Build configuration list for PBXNativeTarget "SportsApp" */ = {
			isa = XCConfigurationList;
			buildConfigurations = (
				117224AE262F299600510CA9 /* Debug */,
				117224AF262F299600510CA9 /* Release */,
			);
			defaultConfigurationIsVisible = 0;
			defaultConfigurationName = Release;
		};
		117224B0262F299600510CA9 /* Build configuration list for PBXNativeTarget "SportsAppTests" */ = {
			isa = XCConfigurationList;
			buildConfigurations = (
				117224B1262F299600510CA9 /* Debug */,
				117224B2262F299600510CA9 /* Release */,
			);
			defaultConfigurationIsVisible = 0;
			defaultConfigurationName = Release;
		};
		117224B3262F299600510CA9 /* Build configuration list for PBXNativeTarget "SportsAppUITests" */ = {
			isa = XCConfigurationList;
			buildConfigurations = (
				117224B4262F299600510CA9 /* Debug */,
				117224B5262F299600510CA9 /* Release */,
			);
			defaultConfigurationIsVisible = 0;
			defaultConfigurationName = Release;
		};
/* End XCConfigurationList section */

/* Begin XCVersionGroup section */
		1172248C262F298F00510CA9 /* SportsApp.xcdatamodeld */ = {
			isa = XCVersionGroup;
			children = (
				1172248D262F298F00510CA9 /* SportsApp.xcdatamodel */,
			);
			currentVersion = 1172248D262F298F00510CA9 /* SportsApp.xcdatamodel */;
			path = SportsApp.xcdatamodeld;
			sourceTree = "<group>";
			versionGroupType = wrapper.xcdatamodel;
		};
/* End XCVersionGroup section */
	};
	rootObject = 11722478262F298F00510CA9 /* Project object */;
}
